Microsoft Visual Studio Solution File, Format Version 12.00
# Visual Studio Version 17
VisualStudioVersion = 17.5.2.0
MinimumVisualStudioVersion = 10.0.40219.1
Project("{9A19103F-16F7-4668-BE54-9A1E7A4F7556}") = "hl7", "Function\hl7.csproj", "{71455D58-0178-2543-3AF8-0D0E8D5694DE}"
EndProject
Project("{FAE04EC0-301F-11D3-BF4B-00C04F79EFBC}") = "Interprit.Demo.Hl7", "Interprit.Demo.Hl7\Interprit.Demo.Hl7.csproj", "{0E9819A4-B3C2-407B-9DFF-930FD6919826}"
EndProject
Global
	GlobalSection(SolutionConfigurationPlatforms) = preSolution
		Debug|Any CPU = Debug|Any CPU
		Release|Any CPU = Release|Any CPU
	EndGlobalSection
	GlobalSection(ProjectConfigurationPlatforms) = postSolution
		{71455D58-0178-2543-3AF8-0D0E8D5694DE}.Debug|Any CPU.ActiveCfg = Debug|Any CPU
		{71455D58-0178-2543-3AF8-0D0E8D5694DE}.Debug|Any CPU.Build.0 = Debug|Any CPU
		{71455D58-0178-2543-3AF8-0D0E8D5694DE}.Release|Any CPU.ActiveCfg = Release|Any CPU
		{71455D58-0178-2543-3AF8-0D0E8D5694DE}.Release|Any CPU.Build.0 = Release|Any CPU
		{0E9819A4-B3C2-407B-9DFF-930FD6919826}.Debug|Any CPU.ActiveCfg = Debug|Any CPU
		{0E9819A4-B3C2-407B-9DFF-930FD6919826}.Debug|Any CPU.Build.0 = Debug|Any CPU
		{0E9819A4-B3C2-407B-9DFF-930FD6919826}.Release|Any CPU.ActiveCfg = Release|Any CPU
		{0E9819A4-B3C2-407B-9DFF-930FD6919826}.Release|Any CPU.Build.0 = Release|Any CPU
	EndGlobalSection
	GlobalSection(SolutionProperties) = preSolution
		HideSolutionNode = FALSE
	EndGlobalSection
	GlobalSection(ExtensibilityGlobals) = postSolution
		SolutionGuid = {152EAFBA-0C0E-4A54-9CCF-27F3C5D37836}
	EndGlobalSection
EndGlobal
